
Microsoft Visual Studio Solution File, Format Version 12.00
# Visual Studio Version 17
VisualStudioVersion = 17.8.34330.188
MinimumVisualStudioVersion = 10.0.40219.1
Project("{FAE04EC0-301F-11D3-BF4B-00C04F79EFBC}") = "GlobaLab2", "GlobaLab2\GlobaLab2.csproj", "{D62094AB-AF71-4D3F-8B13-E0B19CDC153C}"
EndProject
Global
	GlobalSection(SolutionConfigurationPlatforms) = preSolution
		Debug|Any CPU = Debug|Any CPU
		Release|Any CPU = Release|Any CPU
	EndGlobalSection
	GlobalSection(ProjectConfigurationPlatforms) = postSolution
		{D62094AB-AF71-4D3F-8B13-E0B19CDC153C}.Debug|Any CPU.ActiveCfg = Debug|Any CPU
		{D62094AB-AF71-4D3F-8B13-E0B19CDC153C}.Debug|Any CPU.Build.0 = Debug|Any CPU
		{D62094AB-AF71-4D3F-8B13-E0B19CDC153C}.Release|Any CPU.ActiveCfg = Release|Any CPU
		{D62094AB-AF71-4D3F-8B13-E0B19CDC153C}.Release|Any CPU.Build.0 = Release|Any CPU
	EndGlobalSection
	GlobalSection(SolutionProperties) = preSolution
		HideSolutionNode = FALSE
	EndGlobalSection
	GlobalSection(ExtensibilityGlobals) = postSolution
		SolutionGuid = {A39F3057-5144-4598-B9F8-CA13CC70D737}
	EndGlobalSection
EndGlobal
